
Microsoft Visual Studio Solution File, Format Version 12.00
# Visual Studio Version 17
VisualStudioVersion = 17.7.34024.191
MinimumVisualStudioVersion = 10.0.40219.1
Project("{9A19103F-16F7-4668-BE54-9A1E7A4F7556}") = "MonsterCardGame", "MonsterCardGame\MonsterCardGame.csproj", "{93513AF9-F4B2-4439-9A0B-3FA0F6DC418D}"
EndProject
Project("{2150E333-8FDC-42A3-9474-1A3956D46DE8}") = "Projektmappenelemente", "Projektmappenelemente", "{AB333B51-0569-4F1C-92E5-DFE375081522}"
	ProjectSection(SolutionItems) = preProject
		DB.sql = DB.sql
		README.md = README.md
		Protokoll.docx = Protokoll.docx
		Protokoll.pdf = Protokoll.pdf
		MonsterTradingCards.exercise.curl.bat = MonsterTradingCards.exercise.curl.bat
	EndProjectSection
EndProject
Project("{9A19103F-16F7-4668-BE54-9A1E7A4F7556}") = "Server", "HttpServer\Server.csproj", "{AA6E52C4-FB0A-46A8-9C92-094A704BFDB0}"
EndProject
Project("{9A19103F-16F7-4668-BE54-9A1E7A4F7556}") = "DTO", "DTO\DTO.csproj", "{3E7A5D9F-F040-4020-9EF6-D879A4D8D4B2}"
EndProject
Project("{FAE04EC0-301F-11D3-BF4B-00C04F79EFBC}") = "UnitTests", "UnitTests\UnitTests.csproj", "{759920DB-DBE9-4DE5-A5B9-D709AF81007F}"
EndProject
Global
	GlobalSection(SolutionConfigurationPlatforms) = preSolution
		Debug|Any CPU = Debug|Any CPU
		Release|Any CPU = Release|Any CPU
	EndGlobalSection
	GlobalSection(ProjectConfigurationPlatforms) = postSolution
		{93513AF9-F4B2-4439-9A0B-3FA0F6DC418D}.Debug|Any CPU.ActiveCfg = Debug|Any CPU
		{93513AF9-F4B2-4439-9A0B-3FA0F6DC418D}.Debug|Any CPU.Build.0 = Debug|Any CPU
		{93513AF9-F4B2-4439-9A0B-3FA0F6DC418D}.Release|Any CPU.ActiveCfg = Release|Any CPU
		{93513AF9-F4B2-4439-9A0B-3FA0F6DC418D}.Release|Any CPU.Build.0 = Release|Any CPU
		{AA6E52C4-FB0A-46A8-9C92-094A704BFDB0}.Debug|Any CPU.ActiveCfg = Debug|Any CPU
		{AA6E52C4-FB0A-46A8-9C92-094A704BFDB0}.Debug|Any CPU.Build.0 = Debug|Any CPU
		{AA6E52C4-FB0A-46A8-9C92-094A704BFDB0}.Release|Any CPU.ActiveCfg = Release|Any CPU
		{AA6E52C4-FB0A-46A8-9C92-094A704BFDB0}.Release|Any CPU.Build.0 = Release|Any CPU
		{3E7A5D9F-F040-4020-9EF6-D879A4D8D4B2}.Debug|Any CPU.ActiveCfg = Debug|Any CPU
		{3E7A5D9F-F040-4020-9EF6-D879A4D8D4B2}.Debug|Any CPU.Build.0 = Debug|Any CPU
		{3E7A5D9F-F040-4020-9EF6-D879A4D8D4B2}.Release|Any CPU.ActiveCfg = Release|Any CPU
		{3E7A5D9F-F040-4020-9EF6-D879A4D8D4B2}.Release|Any CPU.Build.0 = Release|Any CPU
		{759920DB-DBE9-4DE5-A5B9-D709AF81007F}.Debug|Any CPU.ActiveCfg = Debug|Any CPU
		{759920DB-DBE9-4DE5-A5B9-D709AF81007F}.Debug|Any CPU.Build.0 = Debug|Any CPU
		{759920DB-DBE9-4DE5-A5B9-D709AF81007F}.Release|Any CPU.ActiveCfg = Release|Any CPU
		{759920DB-DBE9-4DE5-A5B9-D709AF81007F}.Release|Any CPU.Build.0 = Release|Any CPU
	EndGlobalSection
	GlobalSection(SolutionProperties) = preSolution
		HideSolutionNode = FALSE
	EndGlobalSection
	GlobalSection(ExtensibilityGlobals) = postSolution
		SolutionGuid = {7562E6CB-EEE1-45D4-A19F-54FD943910F3}
	EndGlobalSection
EndGlobal
